
Microsoft Visual Studio Solution File, Format Version 12.00
# Visual Studio Version 16
VisualStudioVersion = 16.0.29409.12
MinimumVisualStudioVersion = 10.0.40219.1
Project("{FAE04EC0-301F-11D3-BF4B-00C04F79EFBC}") = "Service", "Service\Service.csproj", "{BB41103D-7DFB-4019-9401-293D550E7E13}"
EndProject
Project("{FAE04EC0-301F-11D3-BF4B-00C04F79EFBC}") = "Crawler", "CrawlerCore\Crawler.csproj", "{32D7350E-F425-4E9F-A93F-5E4882BCA23A}"
EndProject
Project("{FAE04EC0-301F-11D3-BF4B-00C04F79EFBC}") = "Tests", "Tests\Tests.csproj", "{876330AB-EDBC-4AB2-B1DD-3211952C25CE}"
EndProject
Global
	GlobalSection(SolutionConfigurationPlatforms) = preSolution
		Debug|Any CPU = Debug|Any CPU
		Release|Any CPU = Release|Any CPU
	EndGlobalSection
	GlobalSection(ProjectConfigurationPlatforms) = postSolution
		{BB41103D-7DFB-4019-9401-293D550E7E13}.Debug|Any CPU.ActiveCfg = Debug|Any CPU
		{BB41103D-7DFB-4019-9401-293D550E7E13}.Debug|Any CPU.Build.0 = Debug|Any CPU
		{BB41103D-7DFB-4019-9401-293D550E7E13}.Release|Any CPU.ActiveCfg = Release|Any CPU
		{BB41103D-7DFB-4019-9401-293D550E7E13}.Release|Any CPU.Build.0 = Release|Any CPU
		{32D7350E-F425-4E9F-A93F-5E4882BCA23A}.Debug|Any CPU.ActiveCfg = Debug|Any CPU
		{32D7350E-F425-4E9F-A93F-5E4882BCA23A}.Debug|Any CPU.Build.0 = Debug|Any CPU
		{32D7350E-F425-4E9F-A93F-5E4882BCA23A}.Release|Any CPU.ActiveCfg = Release|Any CPU
		{32D7350E-F425-4E9F-A93F-5E4882BCA23A}.Release|Any CPU.Build.0 = Release|Any CPU
		{876330AB-EDBC-4AB2-B1DD-3211952C25CE}.Debug|Any CPU.ActiveCfg = Debug|Any CPU
		{876330AB-EDBC-4AB2-B1DD-3211952C25CE}.Debug|Any CPU.Build.0 = Debug|Any CPU
		{876330AB-EDBC-4AB2-B1DD-3211952C25CE}.Release|Any CPU.ActiveCfg = Release|Any CPU
		{876330AB-EDBC-4AB2-B1DD-3211952C25CE}.Release|Any CPU.Build.0 = Release|Any CPU
	EndGlobalSection
	GlobalSection(SolutionProperties) = preSolution
		HideSolutionNode = FALSE
	EndGlobalSection
	GlobalSection(ExtensibilityGlobals) = postSolution
		SolutionGuid = {0EAB5222-2A10-4E6C-8C20-8D7A7FC1840D}
	EndGlobalSection
EndGlobal
